
Microsoft Visual Studio Solution File, Format Version 12.00
# Visual Studio 15
VisualStudioVersion = 15.0.28307.329
MinimumVisualStudioVersion = 10.0.40219.1
Project("{9A19103F-16F7-4668-BE54-9A1E7A4F7556}") = "Greenfinch.WebDeveloper", "Greenfinch.WebDeveloper\Greenfinch.WebDeveloper.csproj", "{8D96C826-8A32-4DB9-A39C-4AB16EB938E3}"
EndProject
Project("{9A19103F-16F7-4668-BE54-9A1E7A4F7556}") = "Greenfinch.WebDeveloper.Data", "Greenfinch.WebDeveloper.Data\Greenfinch.WebDeveloper.Data.csproj", "{6AE6E70A-36A7-4139-BEB8-05C5D961A324}"
EndProject
Global
	GlobalSection(SolutionConfigurationPlatforms) = preSolution
		Debug|Any CPU = Debug|Any CPU
		Release|Any CPU = Release|Any CPU
	EndGlobalSection
	GlobalSection(ProjectConfigurationPlatforms) = postSolution
		{8D96C826-8A32-4DB9-A39C-4AB16EB938E3}.Debug|Any CPU.ActiveCfg = Debug|Any CPU
		{8D96C826-8A32-4DB9-A39C-4AB16EB938E3}.Debug|Any CPU.Build.0 = Debug|Any CPU
		{8D96C826-8A32-4DB9-A39C-4AB16EB938E3}.Release|Any CPU.ActiveCfg = Release|Any CPU
		{8D96C826-8A32-4DB9-A39C-4AB16EB938E3}.Release|Any CPU.Build.0 = Release|Any CPU
		{6AE6E70A-36A7-4139-BEB8-05C5D961A324}.Debug|Any CPU.ActiveCfg = Debug|Any CPU
		{6AE6E70A-36A7-4139-BEB8-05C5D961A324}.Debug|Any CPU.Build.0 = Debug|Any CPU
		{6AE6E70A-36A7-4139-BEB8-05C5D961A324}.Release|Any CPU.ActiveCfg = Release|Any CPU
		{6AE6E70A-36A7-4139-BEB8-05C5D961A324}.Release|Any CPU.Build.0 = Release|Any CPU
	EndGlobalSection
	GlobalSection(SolutionProperties) = preSolution
		HideSolutionNode = FALSE
	EndGlobalSection
	GlobalSection(ExtensibilityGlobals) = postSolution
		SolutionGuid = {7C84B400-CA9D-44B5-A696-AF8853F688DA}
	EndGlobalSection
EndGlobal
